
Microsoft Visual Studio Solution File, Format Version 12.00
# Visual Studio Version 17
VisualStudioVersion = 17.5.33424.131
MinimumVisualStudioVersion = 10.0.40219.1
Project("{FAE04EC0-301F-11D3-BF4B-00C04F79EFBC}") = "LabRab_3", "LabRab_3.csproj", "{D9FE821B-29C4-46D1-89FE-F48F42F1D5C5}"
EndProject
Project("{FAE04EC0-301F-11D3-BF4B-00C04F79EFBC}") = "lab3_WebApplication", "lab3_WebApplication\lab3_WebApplication.csproj", "{38FABCA2-CBAF-4C18-B6A1-0A75208C6696}"
EndProject
Global
	GlobalSection(SolutionConfigurationPlatforms) = preSolution
		Debug|Any CPU = Debug|Any CPU
		Release|Any CPU = Release|Any CPU
	EndGlobalSection
	GlobalSection(ProjectConfigurationPlatforms) = postSolution
		{D9FE821B-29C4-46D1-89FE-F48F42F1D5C5}.Debug|Any CPU.ActiveCfg = Debug|Any CPU
		{D9FE821B-29C4-46D1-89FE-F48F42F1D5C5}.Debug|Any CPU.Build.0 = Debug|Any CPU
		{D9FE821B-29C4-46D1-89FE-F48F42F1D5C5}.Release|Any CPU.ActiveCfg = Release|Any CPU
		{D9FE821B-29C4-46D1-89FE-F48F42F1D5C5}.Release|Any CPU.Build.0 = Release|Any CPU
		{38FABCA2-CBAF-4C18-B6A1-0A75208C6696}.Debug|Any CPU.ActiveCfg = Debug|Any CPU
		{38FABCA2-CBAF-4C18-B6A1-0A75208C6696}.Debug|Any CPU.Build.0 = Debug|Any CPU
		{38FABCA2-CBAF-4C18-B6A1-0A75208C6696}.Release|Any CPU.ActiveCfg = Release|Any CPU
		{38FABCA2-CBAF-4C18-B6A1-0A75208C6696}.Release|Any CPU.Build.0 = Release|Any CPU
	EndGlobalSection
	GlobalSection(SolutionProperties) = preSolution
		HideSolutionNode = FALSE
	EndGlobalSection
	GlobalSection(ExtensibilityGlobals) = postSolution
		SolutionGuid = {DBBBEB17-3A95-4D03-AA8E-77F7660A37CC}
	EndGlobalSection
EndGlobal
